FREETOKEN_REPOSITORY=https://github.com/Enigmatic331/FreeToken.git
FREETOKEN_BRANCH=dsv41-flash
FREETOKEN_REVISION=50696003b7f372369c0e42b7a2662e7e3ec3cdbd
FREETOKEN_RUNTIME_TAG=dsv41-flash-64k-v0
FREETOKEN_RUNTIME_BASELINE=77795eb4736a985b064a1bd2a8e30ee842efff2e
FREETOKEN_BASE_BRANCH=qwen38-ep2
FREETOKEN_BASE_REVISION=19634c8e13cfb17eb347ad2a710449922acb8600
FREETOKEN_UPSTREAM_BASE=4b94bdc38a46a4dfe534e8793126160d56904c44
MODEL_REPOSITORY=deepseek-ai/DeepSeek-V4.1-Flash
MODEL_REVISION=dba1be0a40aa45a94ad051997016db3960a90277
MODEL_SHARDS=48
MODEL_TOTAL_BYTES=510286023000
